
Microsoft Visual Studio Solution File, Format Version 12.00
# Visual Studio Version 17
VisualStudioVersion = 17.7.33913.275
MinimumVisualStudioVersion = 10.0.40219.1
Project("{9A19103F-16F7-4668-BE54-9A1E7A4F7556}") = "JDA.Entity", "01_Entity\JDA.Entity\JDA.Entity.csproj", "{01629759-938D-476E-B0EE-3E077C996E3C}"
EndProject
Project("{9A19103F-16F7-4668-BE54-9A1E7A4F7556}") = "JDA.Core", "00_Core\JDA.Core\JDA.Core.csproj", "{0759E909-0D19-41A8-B662-D59FFCC0866C}"
EndProject
Project("{9A19103F-16F7-4668-BE54-9A1E7A4F7556}") = "JDA.IRepository", "02_Repository\JDA.IRepository\JDA.IRepository.csproj", "{FB85B4F0-1C7B-468C-A5DE-495312AB1A9D}"
EndProject
Project("{9A19103F-16F7-4668-BE54-9A1E7A4F7556}") = "JDA.Repository", "02_Repository\JDA.Repository\JDA.Repository.csproj", "{58907788-FC3A-45A7-AF6E-64BAC21B87A1}"
EndProject
Project("{9A19103F-16F7-4668-BE54-9A1E7A4F7556}") = "JDA.IService", "03_Service\JDA.IService\JDA.IService.csproj", "{E47D59DD-B8C7-4114-B302-57D29C6EC108}"
EndProject
Project("{9A19103F-16F7-4668-BE54-9A1E7A4F7556}") = "JDA.Service", "03_Service\JDA.Service\JDA.Service.csproj", "{36B2AA49-2332-4005-9434-ADEE316F4615}"
EndProject
Project("{9A19103F-16F7-4668-BE54-9A1E7A4F7556}") = "JDA.Api", "04_Facade\JDA.Api\JDA.Api.csproj", "{E2AE1F4F-4221-4393-9AB0-E9E884F9400D}"
EndProject
Project("{2150E333-8FDC-42A3-9474-1A3956D46DE8}") = "01_Entity", "01_Entity", "{77059844-126D-4E82-94B9-57ECD2EA5E4D}"
EndProject
Project("{2150E333-8FDC-42A3-9474-1A3956D46DE8}") = "00_Core", "00_Core", "{A3637E0B-20A1-4309-AA34-C3189E22AD4D}"
EndProject
Project("{2150E333-8FDC-42A3-9474-1A3956D46DE8}") = "02_Repository", "02_Repository", "{FC010C81-4F9C-4B51-8B60-FFF189C0B0AB}"
EndProject
Project("{2150E333-8FDC-42A3-9474-1A3956D46DE8}") = "03_Service", "03_Service", "{C73CF020-ACDC-40C0-9F78-F0AC1D6652EE}"
EndProject
Project("{2150E333-8FDC-42A3-9474-1A3956D46DE8}") = "04_Facade", "04_Facade", "{E603E2A0-7BAB-4360-A545-0297140F7FAB}"
EndProject
Project("{9A19103F-16F7-4668-BE54-9A1E7A4F7556}") = "JDA.Core.WebApi", "00_Core\JDA.Core.WebApi\JDA.Core.WebApi.csproj", "{7DDFF7DB-6C79-4132-BCC6-ACB1E496BEF2}"
EndProject
Project("{2150E333-8FDC-42A3-9474-1A3956D46DE8}") = "05_Model", "05_Model", "{EFE589CC-03A2-4D1D-A72E-8AA2DAE1BBEA}"
EndProject
Project("{9A19103F-16F7-4668-BE54-9A1E7A4F7556}") = "JDA.Model", "05_Model\JDA.Model\JDA.Model.csproj", "{3CE60C99-16DE-49D4-BCDF-4D39F2E1D2A5}"
EndProject
Project("{FAE04EC0-301F-11D3-BF4B-00C04F79EFBC}") = "JDA.DTO", "05_Model\JDA.DTO\JDA.DTO.csproj", "{CDB85231-48D0-42EA-BF87-BCFE6669A529}"
EndProject
Global
	GlobalSection(SolutionConfigurationPlatforms) = preSolution
		Debug|Any CPU = Debug|Any CPU
		Release|Any CPU = Release|Any CPU
	EndGlobalSection
	GlobalSection(ProjectConfigurationPlatforms) = postSolution
		{01629759-938D-476E-B0EE-3E077C996E3C}.Debug|Any CPU.ActiveCfg = Debug|Any CPU
		{01629759-938D-476E-B0EE-3E077C996E3C}.Debug|Any CPU.Build.0 = Debug|Any CPU
		{01629759-938D-476E-B0EE-3E077C996E3C}.Release|Any CPU.ActiveCfg = Release|Any CPU
		{01629759-938D-476E-B0EE-3E077C996E3C}.Release|Any CPU.Build.0 = Release|Any CPU
		{0759E909-0D19-41A8-B662-D59FFCC0866C}.Debug|Any CPU.ActiveCfg = Debug|Any CPU
		{0759E909-0D19-41A8-B662-D59FFCC0866C}.Debug|Any CPU.Build.0 = Debug|Any CPU
		{0759E909-0D19-41A8-B662-D59FFCC0866C}.Release|Any CPU.ActiveCfg = Release|Any CPU
		{0759E909-0D19-41A8-B662-D59FFCC0866C}.Release|Any CPU.Build.0 = Release|Any CPU
		{FB85B4F0-1C7B-468C-A5DE-495312AB1A9D}.Debug|Any CPU.ActiveCfg = Debug|Any CPU
		{FB85B4F0-1C7B-468C-A5DE-495312AB1A9D}.Debug|Any CPU.Build.0 = Debug|Any CPU
		{FB85B4F0-1C7B-468C-A5DE-495312AB1A9D}.Release|Any CPU.ActiveCfg = Release|Any CPU
		{FB85B4F0-1C7B-468C-A5DE-495312AB1A9D}.Release|Any CPU.Build.0 = Release|Any CPU
		{58907788-FC3A-45A7-AF6E-64BAC21B87A1}.Debug|Any CPU.ActiveCfg = Debug|Any CPU
		{58907788-FC3A-45A7-AF6E-64BAC21B87A1}.Debug|Any CPU.Build.0 = Debug|Any CPU
		{58907788-FC3A-45A7-AF6E-64BAC21B87A1}.Release|Any CPU.ActiveCfg = Release|Any CPU
		{58907788-FC3A-45A7-AF6E-64BAC21B87A1}.Release|Any CPU.Build.0 = Release|Any CPU
		{E47D59DD-B8C7-4114-B302-57D29C6EC108}.Debug|Any CPU.ActiveCfg = Debug|Any CPU
		{E47D59DD-B8C7-4114-B302-57D29C6EC108}.Debug|Any CPU.Build.0 = Debug|Any CPU
		{E47D59DD-B8C7-4114-B302-57D29C6EC108}.Release|Any CPU.ActiveCfg = Release|Any CPU
		{E47D59DD-B8C7-4114-B302-57D29C6EC108}.Release|Any CPU.Build.0 = Release|Any CPU
		{36B2AA49-2332-4005-9434-ADEE316F4615}.Debug|Any CPU.ActiveCfg = Debug|Any CPU
		{36B2AA49-2332-4005-9434-ADEE316F4615}.Debug|Any CPU.Build.0 = Debug|Any CPU
		{36B2AA49-2332-4005-9434-ADEE316F4615}.Release|Any CPU.ActiveCfg = Release|Any CPU
		{36B2AA49-2332-4005-9434-ADEE316F4615}.Release|Any CPU.Build.0 = Release|Any CPU
		{E2AE1F4F-4221-4393-9AB0-E9E884F9400D}.Debug|Any CPU.ActiveCfg = Debug|Any CPU
		{E2AE1F4F-4221-4393-9AB0-E9E884F9400D}.Debug|Any CPU.Build.0 = Debug|Any CPU
		{E2AE1F4F-4221-4393-9AB0-E9E884F9400D}.Release|Any CPU.ActiveCfg = Release|Any CPU
		{E2AE1F4F-4221-4393-9AB0-E9E884F9400D}.Release|Any CPU.Build.0 = Release|Any CPU
		{7DDFF7DB-6C79-4132-BCC6-ACB1E496BEF2}.Debug|Any CPU.ActiveCfg = Debug|Any CPU
		{7DDFF7DB-6C79-4132-BCC6-ACB1E496BEF2}.Debug|Any CPU.Build.0 = Debug|Any CPU
		{7DDFF7DB-6C79-4132-BCC6-ACB1E496BEF2}.Release|Any CPU.ActiveCfg = Release|Any CPU
		{7DDFF7DB-6C79-4132-BCC6-ACB1E496BEF2}.Release|Any CPU.Build.0 = Release|Any CPU
		{3CE60C99-16DE-49D4-BCDF-4D39F2E1D2A5}.Debug|Any CPU.ActiveCfg = Debug|Any CPU
		{3CE60C99-16DE-49D4-BCDF-4D39F2E1D2A5}.Debug|Any CPU.Build.0 = Debug|Any CPU
		{3CE60C99-16DE-49D4-BCDF-4D39F2E1D2A5}.Release|Any CPU.ActiveCfg = Release|Any CPU
		{3CE60C99-16DE-49D4-BCDF-4D39F2E1D2A5}.Release|Any CPU.Build.0 = Release|Any CPU
		{CDB85231-48D0-42EA-BF87-BCFE6669A529}.Debug|Any CPU.ActiveCfg = Debug|Any CPU
		{CDB85231-48D0-42EA-BF87-BCFE6669A529}.Debug|Any CPU.Build.0 = Debug|Any CPU
		{CDB85231-48D0-42EA-BF87-BCFE6669A529}.Release|Any CPU.ActiveCfg = Release|Any CPU
		{CDB85231-48D0-42EA-BF87-BCFE6669A529}.Release|Any CPU.Build.0 = Release|Any CPU
	EndGlobalSection
	GlobalSection(SolutionProperties) = preSolution
		HideSolutionNode = FALSE
	EndGlobalSection
	GlobalSection(NestedProjects) = preSolution
		{01629759-938D-476E-B0EE-3E077C996E3C} = {77059844-126D-4E82-94B9-57ECD2EA5E4D}
		{0759E909-0D19-41A8-B662-D59FFCC0866C} = {A3637E0B-20A1-4309-AA34-C3189E22AD4D}
		{FB85B4F0-1C7B-468C-A5DE-495312AB1A9D} = {FC010C81-4F9C-4B51-8B60-FFF189C0B0AB}
		{58907788-FC3A-45A7-AF6E-64BAC21B87A1} = {FC010C81-4F9C-4B51-8B60-FFF189C0B0AB}
		{E47D59DD-B8C7-4114-B302-57D29C6EC108} = {C73CF020-ACDC-40C0-9F78-F0AC1D6652EE}
		{36B2AA49-2332-4005-9434-ADEE316F4615} = {C73CF020-ACDC-40C0-9F78-F0AC1D6652EE}
		{E2AE1F4F-4221-4393-9AB0-E9E884F9400D} = {E603E2A0-7BAB-4360-A545-0297140F7FAB}
		{7DDFF7DB-6C79-4132-BCC6-ACB1E496BEF2} = {A3637E0B-20A1-4309-AA34-C3189E22AD4D}
		{3CE60C99-16DE-49D4-BCDF-4D39F2E1D2A5} = {EFE589CC-03A2-4D1D-A72E-8AA2DAE1BBEA}
		{CDB85231-48D0-42EA-BF87-BCFE6669A529} = {EFE589CC-03A2-4D1D-A72E-8AA2DAE1BBEA}
	EndGlobalSection
	GlobalSection(ExtensibilityGlobals) = postSolution
		SolutionGuid = {35C55DBF-0D25-4BAE-89CD-FAF37E555DDA}
	EndGlobalSection
EndGlobal
